
Microsoft Visual Studio Solution File, Format Version 12.00
# Visual Studio Version 17
VisualStudioVersion = 17.14.36811.4
MinimumVisualStudioVersion = 10.0.40219.1
Project("{FAE04EC0-301F-11D3-BF4B-00C04F79EFBC}") = "DynamicSignalFormsWebApi", "DynamicSignalFormsWebApi\DynamicSignalFormsWebApi.csproj", "{05235D2B-E761-4324-9470-ACCE4EA01836}"
EndProject
Project("{FAE04EC0-301F-11D3-BF4B-00C04F79EFBC}") = "RepositoryLayer", "RepositoryLayer\RepositoryLayer.csproj", "{6A558A76-90F0-41D6-86FB-46FEACBB972F}"
EndProject
Project("{FAE04EC0-301F-11D3-BF4B-00C04F79EFBC}") = "ServiceLayer", "ServiceLayer\ServiceLayer.csproj", "{A7B1B94D-BF73-4803-9602-D53C511CC3F7}"
EndProject
Global
	GlobalSection(SolutionConfigurationPlatforms) = preSolution
		Debug|Any CPU = Debug|Any CPU
		Release|Any CPU = Release|Any CPU
	EndGlobalSection
	GlobalSection(ProjectConfigurationPlatforms) = postSolution
		{05235D2B-E761-4324-9470-ACCE4EA01836}.Debug|Any CPU.ActiveCfg = Debug|Any CPU
		{05235D2B-E761-4324-9470-ACCE4EA01836}.Debug|Any CPU.Build.0 = Debug|Any CPU
		{05235D2B-E761-4324-9470-ACCE4EA01836}.Release|Any CPU.ActiveCfg = Release|Any CPU
		{05235D2B-E761-4324-9470-ACCE4EA01836}.Release|Any CPU.Build.0 = Release|Any CPU
		{6A558A76-90F0-41D6-86FB-46FEACBB972F}.Debug|Any CPU.ActiveCfg = Debug|Any CPU
		{6A558A76-90F0-41D6-86FB-46FEACBB972F}.Debug|Any CPU.Build.0 = Debug|Any CPU
		{6A558A76-90F0-41D6-86FB-46FEACBB972F}.Release|Any CPU.ActiveCfg = Release|Any CPU
		{6A558A76-90F0-41D6-86FB-46FEACBB972F}.Release|Any CPU.Build.0 = Release|Any CPU
		{A7B1B94D-BF73-4803-9602-D53C511CC3F7}.Debug|Any CPU.ActiveCfg = Debug|Any CPU
		{A7B1B94D-BF73-4803-9602-D53C511CC3F7}.Debug|Any CPU.Build.0 = Debug|Any CPU
		{A7B1B94D-BF73-4803-9602-D53C511CC3F7}.Release|Any CPU.ActiveCfg = Release|Any CPU
		{A7B1B94D-BF73-4803-9602-D53C511CC3F7}.Release|Any CPU.Build.0 = Release|Any CPU
	EndGlobalSection
	GlobalSection(SolutionProperties) = preSolution
		HideSolutionNode = FALSE
	EndGlobalSection
	GlobalSection(ExtensibilityGlobals) = postSolution
		SolutionGuid = {1767B34A-5F7C-47F7-896B-943DCF0BAAB2}
	EndGlobalSection
EndGlobal
